// !$*UTF8*$!
{
	archiveVersion = 1;
	classes = {
	};
	objectVersion = 46;
	objects = {

/* Begin PBXBuildFile section */
		9E8DFB0D1A5C3DE8004D1E8A /* WebViewController.m in Sources */ = {isa = PBXBuildFile; fileRef = 9E8DFB0C1A5C3DE8004D1E8A /* WebViewController.m */; };
		9EDDDF0E1A594C3D00C03937 /* MainViewController.m in Sources */ = {isa = PBXBuildFile; fileRef = 9EDDDF0D1A594C3D00C03937 /* MainViewController.m */; };
		9EE84C791A3F617F00ABDF4E /* main.m in Sources */ = {isa = PBXBuildFile; fileRef = 9EE84C781A3F617F00ABDF4E /* main.m */; };
		9EE84C7C1A3F617F00ABDF4E /* AppDelegate.m in Sources */ = {isa = PBXBuildFile; fileRef = 9EE84C7B1A3F617F00ABDF4E /* AppDelegate.m */; };
		9EE84C841A3F617F00ABDF4E /* Images.xcassets in Resources */ = {isa = PBXBuildFile; fileRef = 9EE84C831A3F617F00ABDF4E /* Images.xcassets */; };
		9EE84CB11A40AC8400ABDF4E /* FeedItemController.m in Sources */ = {isa = PBXBuildFile; fileRef = 9EE84CB01A40AC8400ABDF4E /* FeedItemController.m */; };
		9EE84CCD1A414D7900ABDF4E /* FeedItem.m in Sources */ = {isa = PBXBuildFile; fileRef = 9EE84CCC1A414D7900ABDF4E /* FeedItem.m */; };
/* End PBXBuildFile section */

/* Begin PBXFileReference section */
		9E8DFB0B1A5C3DE8004D1E8A /* WebViewController.h */ = {isa = PBXFileReference; fileEncoding = 4; lastKnownFileType = sourcecode.c.h; path = WebViewController.h; sourceTree = "<group>"; };
		9E8DFB0C1A5C3DE8004D1E8A /* WebViewController.m */ = {isa = PBXFileReference; fileEncoding = 4; lastKnownFileType = sourcecode.c.objc; path = WebViewController.m; sourceTree = "<group>"; };
		9EDDDF0C1A594C3D00C03937 /* MainViewController.h */ = {isa = PBXFileReference; fileEncoding = 4; lastKnownFileType = sourcecode.c.h; path = MainViewController.h; sourceTree = "<group>"; };
		9EDDDF0D1A594C3D00C03937 /* MainViewController.m */ = {isa = PBXFileReference; fileEncoding = 4; lastKnownFileType = sourcecode.c.objc; path = MainViewController.m; sourceTree = "<group>"; };
		9EE84C731A3F617F00ABDF4E /* SimpleRssReader.app */ = {isa = PBXFileReference; explicitFileType = wrapper.application; includeInIndex = 0; path = SimpleRssReader.app; sourceTree = BUILT_PRODUCTS_DIR; };
		9EE84C771A3F617F00ABDF4E /* Info.plist */ = {isa = PBXFileReference; lastKnownFileType = text.plist.xml; path = Info.plist; sourceTree = "<group>"; };
		9EE84C781A3F617F00ABDF4E /* main.m */ = {isa = PBXFileReference; lastKnownFileType = sourcecode.c.objc; path = main.m; sourceTree = "<group>"; };
		9EE84C7A1A3F617F00ABDF4E /* AppDelegate.h */ = {isa = PBXFileReference; lastKnownFileType = sourcecode.c.h; path = AppDelegate.h; sourceTree = "<group>"; };
		9EE84C7B1A3F617F00ABDF4E /* AppDelegate.m */ = {isa = PBXFileReference; lastKnownFileType = sourcecode.c.objc; path = AppDelegate.m; sourceTree = "<group>"; };
		9EE84C831A3F617F00ABDF4E /* Images.xcassets */ = {isa = PBXFileReference; lastKnownFileType = folder.assetcatalog; path = Images.xcassets; sourceTree = "<group>"; };
		9EE84CAF1A40AC8400ABDF4E /* FeedItemController.h */ = {isa = PBXFileReference; fileEncoding = 4; lastKnownFileType = sourcecode.c.h; path = FeedItemController.h; sourceTree = "<group>"; };
		9EE84CB01A40AC8400ABDF4E /* FeedItemController.m */ = {isa = PBXFileReference; fileEncoding = 4; lastKnownFileType = sourcecode.c.objc; path = FeedItemController.m; sourceTree = "<group>"; };
		9EE84CCB1A414D7900ABDF4E /* FeedItem.h */ = {isa = PBXFileReference; fileEncoding = 4; lastKnownFileType = sourcecode.c.h; path = FeedItem.h; sourceTree = "<group>"; };
		9EE84CCC1A414D7900ABDF4E /* FeedItem.m */ = {isa = PBXFileReference; fileEncoding = 4; lastKnownFileType = sourcecode.c.objc; path = FeedItem.m; sourceTree = "<group>"; };
/* End PBXFileReference section */

/* Begin PBXFrameworksBuildPhase section */
		9EE84C701A3F617F00ABDF4E /* Frameworks */ = {
			isa = PBXFrameworksBuildPhase;
			buildActionMask = 2147483647;
			files = (
			);
			runOnlyForDeploymentPostprocessing = 0;
		};
/* End PBXFrameworksBuildPhase section */

/* Begin PBXGroup section */
		9EE84C6A1A3F617F00ABDF4E = {
			isa = PBXGroup;
			children = (
				9EE84C751A3F617F00ABDF4E /* SimpleRssReader */,
				9EE84C741A3F617F00ABDF4E /* Products */,
			);
			sourceTree = "<group>";
		};
		9EE84C741A3F617F00ABDF4E /* Products */ = {
			isa = PBXGroup;
			children = (
				9EE84C731A3F617F00ABDF4E /* SimpleRssReader.app */,
			);
			name = Products;
			sourceTree = "<group>";
		};
		9EE84C751A3F617F00ABDF4E /* SimpleRssReader */ = {
			isa = PBXGroup;
			children = (
				9EDDDF0C1A594C3D00C03937 /* MainViewController.h */,
				9EDDDF0D1A594C3D00C03937 /* MainViewController.m */,
				9E8DFB0B1A5C3DE8004D1E8A /* WebViewController.h */,
				9E8DFB0C1A5C3DE8004D1E8A /* WebViewController.m */,
				9EE84C7A1A3F617F00ABDF4E /* AppDelegate.h */,
				9EE84C7B1A3F617F00ABDF4E /* AppDelegate.m */,
				9EE84CAF1A40AC8400ABDF4E /* FeedItemController.h */,
				9EE84CB01A40AC8400ABDF4E /* FeedItemController.m */,
				9EE84CCB1A414D7900ABDF4E /* FeedItem.h */,
				9EE84CCC1A414D7900ABDF4E /* FeedItem.m */,
				9EE84C831A3F617F00ABDF4E /* Images.xcassets */,
				9EE84C761A3F617F00ABDF4E /* Supporting Files */,
			);
			path = SimpleRssReader;
			sourceTree = "<group>";
		};
		9EE84C761A3F617F00ABDF4E /* Supporting Files */ = {
			isa = PBXGroup;
			children = (
				9EE84C771A3F617F00ABDF4E /* Info.plist */,
				9EE84C781A3F617F00ABDF4E /* main.m */,
			);
			name = "Supporting Files";
			sourceTree = "<group>";
		};
/* End PBXGroup section */

/* Begin PBXNativeTarget section */
		9EE84C721A3F617F00ABDF4E /* SimpleRssReader */ = {
			isa = PBXNativeTarget;
			buildConfigurationList = 9EE84C961A3F617F00ABDF4E /* Build configuration list for PBXNativeTarget "SimpleRssReader" */;
			buildPhases = (
				9EE84C6F1A3F617F00ABDF4E /* Sources */,
				9EE84C701A3F617F00ABDF4E /* Frameworks */,
				9EE84C711A3F617F00ABDF4E /* Resources */,
			);
			buildRules = (
			);
			dependencies = (
			);
			name = SimpleRssReader;
			productName = SimpleRssReader;
			productReference = 9EE84C731A3F617F00ABDF4E /* SimpleRssReader.app */;
			productType = "com.apple.product-type.application";
		};
/* End PBXNativeTarget section */

/* Begin PBXProject section */
		9EE84C6B1A3F617F00ABDF4E /* Project object */ = {
			isa = PBXProject;
			attributes = {
				LastUpgradeCheck = 0610;
				ORGANIZATIONNAME = Home;
				TargetAttributes = {
					9EE84C721A3F617F00ABDF4E = {
						CreatedOnToolsVersion = 6.1.1;
					};
				};
			};
			buildConfigurationList = 9EE84C6E1A3F617F00ABDF4E /* Build configuration list for PBXProject "SimpleRssReader" */;
			compatibilityVersion = "Xcode 3.2";
			developmentRegion = English;
			hasScannedForEncodings = 0;
			knownRegions = (
				en,
				Base,
			);
			mainGroup = 9EE84C6A1A3F617F00ABDF4E;
			productRefGroup = 9EE84C741A3F617F00ABDF4E /* Products */;
			projectDirPath = "";
			projectRoot = "";
			targets = (
				9EE84C721A3F617F00ABDF4E /* SimpleRssReader */,
			);
		};
/* End PBXProject section */

/* Begin PBXResourcesBuildPhase section */
		9EE84C711A3F617F00ABDF4E /* Resources */ = {
			isa = PBXResourcesBuildPhase;
			buildActionMask = 2147483647;
			files = (
				9EE84C841A3F617F00ABDF4E /* Images.xcassets in Resources */,
			);
			runOnlyForDeploymentPostprocessing = 0;
		};
/* End PBXResourcesBuildPhase section */

/* Begin PBXSourcesBuildPhase section */
		9EE84C6F1A3F617F00ABDF4E /* Sources */ = {
			isa = PBXSourcesBuildPhase;
			buildActionMask = 2147483647;
			files = (
				9EE84C7C1A3F617F00ABDF4E /* AppDelegate.m in Sources */,
				9EE84CB11A40AC8400ABDF4E /* FeedItemController.m in Sources */,
				9EE84CCD1A414D7900ABDF4E /* FeedItem.m in Sources */,
				9EE84C791A3F617F00ABDF4E /* main.m in Sources */,
				9E8DFB0D1A5C3DE8004D1E8A /* WebViewController.m in Sources */,
				9EDDDF0E1A594C3D00C03937 /* MainViewController.m in Sources */,
			);
			runOnlyForDeploymentPostprocessing = 0;
		};
/* End PBXSourcesBuildPhase section */

/* Begin XCBuildConfiguration section */
		9EE84C941A3F617F00ABDF4E /* Debug */ = {
			isa = XCBuildConfiguration;
			buildSettings = {
				ALWAYS_SEARCH_USER_PATHS = NO;
				CLANG_CXX_LANGUAGE_STANDARD = "gnu++0x";
				CLANG_CXX_LIBRARY = "libc++";
				CLANG_ENABLE_MODULES = YES;
				CLANG_ENABLE_OBJC_ARC = YES;
				CLANG_WARN_BOOL_CONVERSION = YES;
				CLANG_WARN_CONSTANT_CONVERSION = YES;
				CLANG_WARN_DIRECT_OBJC_ISA_USAGE = YES_ERROR;
				CLANG_WARN_EMPTY_BODY = YES;
				CLANG_WARN_ENUM_CONVERSION = YES;
				CLANG_WARN_INT_CONVERSION = YES;
				CLANG_WARN_OBJC_ROOT_CLASS = YES_ERROR;
				CLANG_WARN_UNREACHABLE_CODE = YES;
				CLANG_WARN__DUPLICATE_METHOD_MATCH = YES;
				"CODE_SIGN_IDENTITY[sdk=iphoneos*]" = "iPhone Developer";
				COPY_PHASE_STRIP = NO;
				ENABLE_STRICT_OBJC_MSGSEND = YES;
				GCC_C_LANGUAGE_STANDARD = gnu99;
				GCC_DYNAMIC_NO_PIC = NO;
				GCC_OPTIMIZATION_LEVEL = 0;
				GCC_PREPROCESSOR_DEFINITIONS = (
					"DEBUG=1",
					"$(inherited)",
				);
				GCC_SYMBOLS_PRIVATE_EXTERN = NO;
				GCC_WARN_64_TO_32_BIT_CONVERSION = YES;
				GCC_WARN_ABOUT_RETURN_TYPE = YES_ERROR;
				GCC_WARN_UNDECLARED_SELECTOR = YES;
				GCC_WARN_UNINITIALIZED_AUTOS = YES_AGGRESSIVE;
				GCC_WARN_UNUSED_FUNCTION = YES;
				GCC_WARN_UNUSED_VARIABLE = YES;
				IPHONEOS_DEPLOYMENT_TARGET = 8.1;
				MTL_ENABLE_DEBUG_INFO = YES;
				ONLY_ACTIVE_ARCH = YES;
				SDKROOT = iphoneos;
			};
			name = Debug;
		};
		9EE84C951A3F617F00ABDF4E /* Release */ = {
			isa = XCBuildConfiguration;
			buildSettings = {
				ALWAYS_SEARCH_USER_PATHS = NO;
				CLANG_CXX_LANGUAGE_STANDARD = "gnu++0x";
				CLANG_CXX_LIBRARY = "libc++";
				CLANG_ENABLE_MODULES = YES;
				CLANG_ENABLE_OBJC_ARC = YES;
				CLANG_WARN_BOOL_CONVERSION = YES;
				CLANG_WARN_CONSTANT_CONVERSION = YES;
				CLANG_WARN_DIRECT_OBJC_ISA_USAGE = YES_ERROR;
				CLANG_WARN_EMPTY_BODY = YES;
				CLANG_WARN_ENUM_CONVERSION = YES;
				CLANG_WARN_INT_CONVERSION = YES;
				CLANG_WARN_OBJC_ROOT_CLASS = YES_ERROR;
				CLANG_WARN_UNREACHABLE_CODE = YES;
				CLANG_WARN__DUPLICATE_METHOD_MATCH = YES;
				"CODE_SIGN_IDENTITY[sdk=iphoneos*]" = "iPhone Developer";
				COPY_PHASE_STRIP = YES;
				ENABLE_NS_ASSERTIONS = NO;
				ENABLE_STRICT_OBJC_MSGSEND = YES;
				GCC_C_LANGUAGE_STANDARD = gnu99;
				GCC_WARN_64_TO_32_BIT_CONVERSION = YES;
				GCC_WARN_ABOUT_RETURN_TYPE = YES_ERROR;
				GCC_WARN_UNDECLARED_SELECTOR = YES;
				GCC_WARN_UNINITIALIZED_AUTOS = YES_AGGRESSIVE;
				GCC_WARN_UNUSED_FUNCTION = YES;
				GCC_WARN_UNUSED_VARIABLE = YES;
				IPHONEOS_DEPLOYMENT_TARGET = 8.1;
				MTL_ENABLE_DEBUG_INFO = NO;
				SDKROOT = iphoneos;
				VALIDATE_PRODUCT = YES;
			};
			name = Release;
		};
		9EE84C971A3F617F00ABDF4E /* Debug */ = {
			isa = XCBuildConfiguration;
			buildSettings = {
				ASSETCATALOG_COMPILER_APPICON_NAME = AppIcon;
				ASSETCATALOG_COMPILER_LAUNCHIMAGE_NAME = LaunchImage;
				INFOPLIST_FILE = SimpleRssReader/Info.plist;
				IPHONEOS_DEPLOYMENT_TARGET = 7.0;
				LD_RUNPATH_SEARCH_PATHS = "$(inherited) @executable_path/Frameworks";
				PRODUCT_NAME = "$(TARGET_NAME)";
			};
			name = Debug;
		};
		9EE84C981A3F617F00ABDF4E /* Release */ = {
			isa = XCBuildConfiguration;
			buildSettings = {
				ASSETCATALOG_COMPILER_APPICON_NAME = AppIcon;
				ASSETCATALOG_COMPILER_LAUNCHIMAGE_NAME = LaunchImage;
				INFOPLIST_FILE = SimpleRssReader/Info.plist;
				IPHONEOS_DEPLOYMENT_TARGET = 7.0;
				LD_RUNPATH_SEARCH_PATHS = "$(inherited) @executable_path/Frameworks";
				PRODUCT_NAME = "$(TARGET_NAME)";
			};
			name = Release;
		};
/* End XCBuildConfiguration section */

/* Begin XCConfigurationList section */
		9EE84C6E1A3F617F00ABDF4E /* Build configuration list for PBXProject "SimpleRssReader" */ = {
			isa = XCConfigurationList;
			buildConfigurations = (
				9EE84C941A3F617F00ABDF4E /* Debug */,
				9EE84C951A3F617F00ABDF4E /* Release */,
			);
			defaultConfigurationIsVisible = 0;
			defaultConfigurationName = Release;
		};
		9EE84C961A3F617F00ABDF4E /* Build configuration list for PBXNativeTarget "SimpleRssReader" */ = {
			isa = XCConfigurationList;
			buildConfigurations = (
				9EE84C971A3F617F00ABDF4E /* Debug */,
				9EE84C981A3F617F00ABDF4E /* Release */,
			);
			defaultConfigurationIsVisible = 0;
			defaultConfigurationName = Release;
		};
/* End XCConfigurationList section */
	};
	rootObject = 9EE84C6B1A3F617F00ABDF4E /* Project object */;
}
